
Microsoft Visual Studio Solution File, Format Version 12.00
# Visual Studio Version 17
VisualStudioVersion = 17.11.35431.28
MinimumVisualStudioVersion = 10.0.40219.1
Project("{FAE04EC0-301F-11D3-BF4B-00C04F79EFBC}") = "MealPlannerChatbot", "MealPlannerChatbot.csproj", "{05646D81-FF37-4DEE-8700-B0ACE72E680E}"
EndProject
Global
	GlobalSection(SolutionConfigurationPlatforms) = preSolution
		Debug|Any CPU = Debug|Any CPU
		Release|Any CPU = Release|Any CPU
	EndGlobalSection
	GlobalSection(ProjectConfigurationPlatforms) = postSolution
		{05646D81-FF37-4DEE-8700-B0ACE72E680E}.Debug|Any CPU.ActiveCfg = Debug|Any CPU
		{05646D81-FF37-4DEE-8700-B0ACE72E680E}.Debug|Any CPU.Build.0 = Debug|Any CPU
		{05646D81-FF37-4DEE-8700-B0ACE72E680E}.Release|Any CPU.ActiveCfg = Release|Any CPU
		{05646D81-FF37-4DEE-8700-B0ACE72E680E}.Release|Any CPU.Build.0 = Release|Any CPU
	EndGlobalSection
	GlobalSection(SolutionProperties) = preSolution
		HideSolutionNode = FALSE
	EndGlobalSection
	GlobalSection(ExtensibilityGlobals) = postSolution
		SolutionGuid = {0216ADB3-0E5C-4DAB-BA4D-E8A112552371}
	EndGlobalSection
EndGlobal
